// !$*UTF8*$!
{
	archiveVersion = 1;
	classes = {
	};
	objectVersion = 50;
	objects = {

/* Begin PBXBuildFile section */
		4A0544B0539EB2A32585EB0F /* Pods_HelloSpace.framework in Frameworks */ = {isa = PBXBuildFile; fileRef = E070CF60739E2495FF336376 /* Pods_HelloSpace.framework */; };
		EC0DE5A7226129DF00B21210 /* AppDelegate.swift in Sources */ = {isa = PBXBuildFile; fileRef = EC0DE5A6226129DF00B21210 /* AppDelegate.swift */; };
		EC0DE5A9226129DF00B21210 /* ViewController.swift in Sources */ = {isa = PBXBuildFile; fileRef = EC0DE5A8226129DF00B21210 /* ViewController.swift */; };
		EC0DE5AC226129DF00B21210 /* Main.storyboard in Resources */ = {isa = PBXBuildFile; fileRef = EC0DE5AA226129DF00B21210 /* Main.storyboard */; };
		EC0DE5AE226129E100B21210 /* Assets.xcassets in Resources */ = {isa = PBXBuildFile; fileRef = EC0DE5AD226129E100B21210 /* Assets.xcassets */; };
		EC0DE5B1226129E100B21210 /* LaunchScreen.storyboard in Resources */ = {isa = PBXBuildFile; fileRef = EC0DE5AF226129E100B21210 /* LaunchScreen.storyboard */; };
/* End PBXBuildFile section */

/* Begin PBXFileReference section */
		0F3CBD6E13D733D4E6CE0491 /* Pods-HelloSpace.debug.xcconfig */ = {isa = PBXFileReference; includeInIndex = 1; lastKnownFileType = text.xcconfig; name = "Pods-HelloSpace.debug.xcconfig"; path = "Target Support Files/Pods-HelloSpace/Pods-HelloSpace.debug.xcconfig"; sourceTree = "<group>"; };
		58C4BACB7931459C76DFBB21 /* Pods-HelloSpace.release.xcconfig */ = {isa = PBXFileReference; includeInIndex = 1; lastKnownFileType = text.xcconfig; name = "Pods-HelloSpace.release.xcconfig"; path = "Target Support Files/Pods-HelloSpace/Pods-HelloSpace.release.xcconfig"; sourceTree = "<group>"; };
		E070CF60739E2495FF336376 /* Pods_HelloSpace.framework */ = {isa = PBXFileReference; explicitFileType = wrapper.framework; includeInIndex = 0; path = Pods_HelloSpace.framework; sourceTree = BUILT_PRODUCTS_DIR; };
		EC0DE5A3226129DF00B21210 /* HelloSpace.app */ = {isa = PBXFileReference; explicitFileType = wrapper.application; includeInIndex = 0; path = HelloSpace.app; sourceTree = BUILT_PRODUCTS_DIR; };
		EC0DE5A6226129DF00B21210 /* AppDelegate.swift */ = {isa = PBXFileReference; lastKnownFileType = sourcecode.swift; path = AppDelegate.swift; sourceTree = "<group>"; };
		EC0DE5A8226129DF00B21210 /* ViewController.swift */ = {isa = PBXFileReference; lastKnownFileType = sourcecode.swift; path = ViewController.swift; sourceTree = "<group>"; };
		EC0DE5AB226129DF00B21210 /* Base */ = {isa = PBXFileReference; lastKnownFileType = file.storyboard; name = Base; path = Base.lproj/Main.storyboard; sourceTree = "<group>"; };
		EC0DE5AD226129E100B21210 /* Assets.xcassets */ = {isa = PBXFileReference; lastKnownFileType = folder.assetcatalog; path = Assets.xcassets; sourceTree = "<group>"; };
		EC0DE5B0226129E100B21210 /* Base */ = {isa = PBXFileReference; lastKnownFileType = file.storyboard; name = Base; path = Base.lproj/LaunchScreen.storyboard; sourceTree = "<group>"; };
		EC0DE5B2226129E100B21210 /* Info.plist */ = {isa = PBXFileReference; lastKnownFileType = text.plist.xml; path = Info.plist; sourceTree = "<group>"; };
/* End PBXFileReference section */

/* Begin PBXFrameworksBuildPhase section */
		EC0DE5A0226129DF00B21210 /* Frameworks */ = {
			isa = PBXFrameworksBuildPhase;
			buildActionMask = 2147483647;
			files = (
				4A0544B0539EB2A32585EB0F /* Pods_HelloSpace.framework in Frameworks */,
			);
			runOnlyForDeploymentPostprocessing = 0;
		};
/* End PBXFrameworksBuildPhase section */

/* Begin PBXGroup section */
		9685784F22EBAF09D9B97C0F /* Frameworks */ = {
			isa = PBXGroup;
			children = (
				E070CF60739E2495FF336376 /* Pods_HelloSpace.framework */,
			);
			name = Frameworks;
			sourceTree = "<group>";
		};
		EC0DE59A226129DF00B21210 = {
			isa = PBXGroup;
			children = (
				EC0DE5A5226129DF00B21210 /* HelloSpace */,
				EC0DE5A4226129DF00B21210 /* Products */,
				F447F6021B831774EB582E14 /* Pods */,
				9685784F22EBAF09D9B97C0F /* Frameworks */,
			);
			sourceTree = "<group>";
		};
		EC0DE5A4226129DF00B21210 /* Products */ = {
			isa = PBXGroup;
			children = (
				EC0DE5A3226129DF00B21210 /* HelloSpace.app */,
			);
			name = Products;
			sourceTree = "<group>";
		};
		EC0DE5A5226129DF00B21210 /* HelloSpace */ = {
			isa = PBXGroup;
			children = (
				EC0DE5A6226129DF00B21210 /* AppDelegate.swift */,
				EC0DE5A8226129DF00B21210 /* ViewController.swift */,
				EC0DE5AA226129DF00B21210 /* Main.storyboard */,
				EC0DE5AD226129E100B21210 /* Assets.xcassets */,
				EC0DE5AF226129E100B21210 /* LaunchScreen.storyboard */,
				EC0DE5B2226129E100B21210 /* Info.plist */,
			);
			path = HelloSpace;
			sourceTree = "<group>";
		};
		F447F6021B831774EB582E14 /* Pods */ = {
			isa = PBXGroup;
			children = (
				0F3CBD6E13D733D4E6CE0491 /* Pods-HelloSpace.debug.xcconfig */,
				58C4BACB7931459C76DFBB21 /* Pods-HelloSpace.release.xcconfig */,
			);
			path = Pods;
			sourceTree = "<group>";
		};
/* End PBXGroup section */

/* Begin PBXNativeTarget section */
		EC0DE5A2226129DF00B21210 /* HelloSpace */ = {
			isa = PBXNativeTarget;
			buildConfigurationList = EC0DE5B5226129E100B21210 /* Build configuration list for PBXNativeTarget "HelloSpace" */;
			buildPhases = (
				CDBD202918DECFF6ED9855C2 /* [CP] Check Pods Manifest.lock */,
				EC0DE59F226129DF00B21210 /* Sources */,
				EC0DE5A0226129DF00B21210 /* Frameworks */,
				EC0DE5A1226129DF00B21210 /* Resources */,
				5611E4674986304DD34FF1FE /* [CP] Embed Pods Frameworks */,
			);
			buildRules = (
			);
			dependencies = (
			);
			name = HelloSpace;
			productName = HelloSpace;
			productReference = EC0DE5A3226129DF00B21210 /* HelloSpace.app */;
			productType = "com.apple.product-type.application";
		};
/* End PBXNativeTarget section */

/* Begin PBXProject section */
		EC0DE59B226129DF00B21210 /* Project object */ = {
			isa = PBXProject;
			attributes = {
				LastSwiftUpdateCheck = 1020;
				LastUpgradeCheck = 1020;
				ORGANIZATIONNAME = "Somewear Labs Inc.";
				TargetAttributes = {
					EC0DE5A2226129DF00B21210 = {
						CreatedOnToolsVersion = 10.2;
					};
				};
			};
			buildConfigurationList = EC0DE59E226129DF00B21210 /* Build configuration list for PBXProject "HelloSpace" */;
			compatibilityVersion = "Xcode 9.3";
			developmentRegion = en;
			hasScannedForEncodings = 0;
			knownRegions = (
				en,
				Base,
			);
			mainGroup = EC0DE59A226129DF00B21210;
			productRefGroup = EC0DE5A4226129DF00B21210 /* Products */;
			projectDirPath = "";
			projectRoot = "";
			targets = (
				EC0DE5A2226129DF00B21210 /* HelloSpace */,
			);
		};
/* End PBXProject section */

/* Begin PBXResourcesBuildPhase section */
		EC0DE5A1226129DF00B21210 /* Resources */ = {
			isa = PBXResourcesBuildPhase;
			buildActionMask = 2147483647;
			files = (
				EC0DE5B1226129E100B21210 /* LaunchScreen.storyboard in Resources */,
				EC0DE5AE226129E100B21210 /* Assets.xcassets in Resources */,
				EC0DE5AC226129DF00B21210 /* Main.storyboard in Resources */,
			);
			runOnlyForDeploymentPostprocessing = 0;
		};
/* End PBXResourcesBuildPhase section */

/* Begin PBXShellScriptBuildPhase section */
		5611E4674986304DD34FF1FE /* [CP] Embed Pods Frameworks */ = {
			isa = PBXShellScriptBuildPhase;
			buildActionMask = 2147483647;
			files = (
			);
			inputFileListPaths = (
			);
			inputPaths = (
				"${PODS_ROOT}/Target Support Files/Pods-HelloSpace/Pods-HelloSpace-frameworks.sh",
				"${BUILT_PRODUCTS_DIR}/MDFInternationalization/MDFInternationalization.framework",
				"${BUILT_PRODUCTS_DIR}/MDFTextAccessibility/MDFTextAccessibility.framework",
				"${BUILT_PRODUCTS_DIR}/MaterialComponents/MaterialComponents.framework",
				"${BUILT_PRODUCTS_DIR}/PhoneNumberKit/PhoneNumberKit.framework",
				"${BUILT_PRODUCTS_DIR}/PromisesObjC/FBLPromises.framework",
				"${BUILT_PRODUCTS_DIR}/PromisesSwift/Promises.framework",
				"${BUILT_PRODUCTS_DIR}/RxSwift/RxSwift.framework",
				"${PODS_ROOT}/../../Somewear/SomewearCore.framework",
				"${PODS_ROOT}/../../Somewear/SomewearUI.framework",
				"${BUILT_PRODUCTS_DIR}/SwiftProtobuf/SwiftProtobuf.framework",
				"${BUILT_PRODUCTS_DIR}/ZIPFoundation/ZIPFoundation.framework",
				"${BUILT_PRODUCTS_DIR}/iOSDFULibrary/iOSDFULibrary.framework",
				"${BUILT_PRODUCTS_DIR}/libPhoneNumber-iOS/libPhoneNumber_iOS.framework",
			);
			name = "[CP] Embed Pods Frameworks";
			outputFileListPaths = (
			);
			outputPaths = (
				"${TARGET_BUILD_DIR}/${FRAMEWORKS_FOLDER_PATH}/MDFInternationalization.framework",
				"${TARGET_BUILD_DIR}/${FRAMEWORKS_FOLDER_PATH}/MDFTextAccessibility.framework",
				"${TARGET_BUILD_DIR}/${FRAMEWORKS_FOLDER_PATH}/MaterialComponents.framework",
				"${TARGET_BUILD_DIR}/${FRAMEWORKS_FOLDER_PATH}/PhoneNumberKit.framework",
				"${TARGET_BUILD_DIR}/${FRAMEWORKS_FOLDER_PATH}/FBLPromises.framework",
				"${TARGET_BUILD_DIR}/${FRAMEWORKS_FOLDER_PATH}/Promises.framework",
				"${TARGET_BUILD_DIR}/${FRAMEWORKS_FOLDER_PATH}/RxSwift.framework",
				"${TARGET_BUILD_DIR}/${FRAMEWORKS_FOLDER_PATH}/SomewearCore.framework",
				"${TARGET_BUILD_DIR}/${FRAMEWORKS_FOLDER_PATH}/SomewearUI.framework",
				"${TARGET_BUILD_DIR}/${FRAMEWORKS_FOLDER_PATH}/SwiftProtobuf.framework",
				"${TARGET_BUILD_DIR}/${FRAMEWORKS_FOLDER_PATH}/ZIPFoundation.framework",
				"${TARGET_BUILD_DIR}/${FRAMEWORKS_FOLDER_PATH}/iOSDFULibrary.framework",
				"${TARGET_BUILD_DIR}/${FRAMEWORKS_FOLDER_PATH}/libPhoneNumber_iOS.framework",
			);
			runOnlyForDeploymentPostprocessing = 0;
			shellPath = /bin/sh;
			shellScript = "\"${PODS_ROOT}/Target Support Files/Pods-HelloSpace/Pods-HelloSpace-frameworks.sh\"\n";
			showEnvVarsInLog = 0;
		};
		CDBD202918DECFF6ED9855C2 /* [CP] Check Pods Manifest.lock */ = {
			isa = PBXShellScriptBuildPhase;
			buildActionMask = 2147483647;
			files = (
			);
			inputFileListPaths = (
			);
			inputPaths = (
				"${PODS_PODFILE_DIR_PATH}/Podfile.lock",
				"${PODS_ROOT}/Manifest.lock",
			);
			name = "[CP] Check Pods Manifest.lock";
			outputFileListPaths = (
			);
			outputPaths = (
				"$(DERIVED_FILE_DIR)/Pods-HelloSpace-checkManifestLockResult.txt",
			);
			runOnlyForDeploymentPostprocessing = 0;
			shellPath = /bin/sh;
			shellScript = "diff \"${PODS_PODFILE_DIR_PATH}/Podfile.lock\" \"${PODS_ROOT}/Manifest.lock\" > /dev/null\nif [ $? != 0 ] ; then\n    # print error to STDERR\n    echo \"error: The sandbox is not in sync with the Podfile.lock. Run 'pod install' or update your CocoaPods installation.\" >&2\n    exit 1\nfi\n# This output is used by Xcode 'outputs' to avoid re-running this script phase.\necho \"SUCCESS\" > \"${SCRIPT_OUTPUT_FILE_0}\"\n";
			showEnvVarsInLog = 0;
		};
/* End PBXShellScriptBuildPhase section */

/* Begin PBXSourcesBuildPhase section */
		EC0DE59F226129DF00B21210 /* Sources */ = {
			isa = PBXSourcesBuildPhase;
			buildActionMask = 2147483647;
			files = (
				EC0DE5A9226129DF00B21210 /* ViewController.swift in Sources */,
				EC0DE5A7226129DF00B21210 /* AppDelegate.swift in Sources */,
			);
			runOnlyForDeploymentPostprocessing = 0;
		};
/* End PBXSourcesBuildPhase section */

/* Begin PBXVariantGroup section */
		EC0DE5AA226129DF00B21210 /* Main.storyboard */ = {
			isa = PBXVariantGroup;
			children = (
				EC0DE5AB226129DF00B21210 /* Base */,
			);
			name = Main.storyboard;
			sourceTree = "<group>";
		};
		EC0DE5AF226129E100B21210 /* LaunchScreen.storyboard */ = {
			isa = PBXVariantGroup;
			children = (
				EC0DE5B0226129E100B21210 /* Base */,
			);
			name = LaunchScreen.storyboard;
			sourceTree = "<group>";
		};
/* End PBXVariantGroup section */

/* Begin XCBuildConfiguration section */
		EC0DE5B3226129E100B21210 /* Debug */ = {
			isa = XCBuildConfiguration;
			buildSettings = {
				ALWAYS_SEARCH_USER_PATHS = NO;
				CLANG_ANALYZER_NONNULL = YES;
				CLANG_ANALYZER_NUMBER_OBJECT_CONVERSION = YES_AGGRESSIVE;
				CLANG_CXX_LANGUAGE_STANDARD = "gnu++14";
				CLANG_CXX_LIBRARY = "libc++";
				CLANG_ENABLE_MODULES = YES;
				CLANG_ENABLE_OBJC_ARC = YES;
				CLANG_ENABLE_OBJC_WEAK = YES;
				CLANG_WARN_BLOCK_CAPTURE_AUTORELEASING = YES;
				CLANG_WARN_BOOL_CONVERSION = YES;
				CLANG_WARN_COMMA = YES;
				CLANG_WARN_CONSTANT_CONVERSION = YES;
				CLANG_WARN_DEPRECATED_OBJC_IMPLEMENTATIONS = YES;
				CLANG_WARN_DIRECT_OBJC_ISA_USAGE = YES_ERROR;
				CLANG_WARN_DOCUMENTATION_COMMENTS = YES;
				CLANG_WARN_EMPTY_BODY = YES;
				CLANG_WARN_ENUM_CONVERSION = YES;
				CLANG_WARN_INFINITE_RECURSION = YES;
				CLANG_WARN_INT_CONVERSION = YES;
				CLANG_WARN_NON_LITERAL_NULL_CONVERSION = YES;
				CLANG_WARN_OBJC_IMPLICIT_RETAIN_SELF = YES;
				CLANG_WARN_OBJC_LITERAL_CONVERSION = YES;
				CLANG_WARN_OBJC_ROOT_CLASS = YES_ERROR;
				CLANG_WARN_RANGE_LOOP_ANALYSIS = YES;
				CLANG_WARN_STRICT_PROTOTYPES = YES;
				CLANG_WARN_SUSPICIOUS_MOVE = YES;
				CLANG_WARN_UNGUARDED_AVAILABILITY = YES_AGGRESSIVE;
				CLANG_WARN_UNREACHABLE_CODE = YES;
				CLANG_WARN__DUPLICATE_METHOD_MATCH = YES;
				CODE_SIGN_IDENTITY = "iPhone Developer";
				COPY_PHASE_STRIP = NO;
				DEBUG_INFORMATION_FORMAT = dwarf;
				ENABLE_STRICT_OBJC_MSGSEND = YES;
				ENABLE_TESTABILITY = YES;
				GCC_C_LANGUAGE_STANDARD = gnu11;
				GCC_DYNAMIC_NO_PIC = NO;
				GCC_NO_COMMON_BLOCKS = YES;
				GCC_OPTIMIZATION_LEVEL = 0;
				GCC_PREPROCESSOR_DEFINITIONS = (
					"DEBUG=1",
					"$(inherited)",
				);
				GCC_WARN_64_TO_32_BIT_CONVERSION = YES;
				GCC_WARN_ABOUT_RETURN_TYPE = YES_ERROR;
				GCC_WARN_UNDECLARED_SELECTOR = YES;
				GCC_WARN_UNINITIALIZED_AUTOS = YES_AGGRESSIVE;
				GCC_WARN_UNUSED_FUNCTION = YES;
				GCC_WARN_UNUSED_VARIABLE = YES;
				IPHONEOS_DEPLOYMENT_TARGET = 12.2;
				MTL_ENABLE_DEBUG_INFO = INCLUDE_SOURCE;
				MTL_FAST_MATH = YES;
				ONLY_ACTIVE_ARCH = YES;
				SDKROOT = iphoneos;
				SWIFT_ACTIVE_COMPILATION_CONDITIONS = DEBUG;
				SWIFT_OPTIMIZATION_LEVEL = "-Onone";
			};
			name = Debug;
		};
		EC0DE5B4226129E100B21210 /* Release */ = {
			isa = XCBuildConfiguration;
			buildSettings = {
				ALWAYS_SEARCH_USER_PATHS = NO;
				CLANG_ANALYZER_NONNULL = YES;
				CLANG_ANALYZER_NUMBER_OBJECT_CONVERSION = YES_AGGRESSIVE;
				CLANG_CXX_LANGUAGE_STANDARD = "gnu++14";
				CLANG_CXX_LIBRARY = "libc++";
				CLANG_ENABLE_MODULES = YES;
				CLANG_ENABLE_OBJC_ARC = YES;
				CLANG_ENABLE_OBJC_WEAK = YES;
				CLANG_WARN_BLOCK_CAPTURE_AUTORELEASING = YES;
				CLANG_WARN_BOOL_CONVERSION = YES;
				CLANG_WARN_COMMA = YES;
				CLANG_WARN_CONSTANT_CONVERSION = YES;
				CLANG_WARN_DEPRECATED_OBJC_IMPLEMENTATIONS = YES;
				CLANG_WARN_DIRECT_OBJC_ISA_USAGE = YES_ERROR;
				CLANG_WARN_DOCUMENTATION_COMMENTS = YES;
				CLANG_WARN_EMPTY_BODY = YES;
				CLANG_WARN_ENUM_CONVERSION = YES;
				CLANG_WARN_INFINITE_RECURSION = YES;
				CLANG_WARN_INT_CONVERSION = YES;
				CLANG_WARN_NON_LITERAL_NULL_CONVERSION = YES;
				CLANG_WARN_OBJC_IMPLICIT_RETAIN_SELF = YES;
				CLANG_WARN_OBJC_LITERAL_CONVERSION = YES;
				CLANG_WARN_OBJC_ROOT_CLASS = YES_ERROR;
				CLANG_WARN_RANGE_LOOP_ANALYSIS = YES;
				CLANG_WARN_STRICT_PROTOTYPES = YES;
				CLANG_WARN_SUSPICIOUS_MOVE = YES;
				CLANG_WARN_UNGUARDED_AVAILABILITY = YES_AGGRESSIVE;
				CLANG_WARN_UNREACHABLE_CODE = YES;
				CLANG_WARN__DUPLICATE_METHOD_MATCH = YES;
				CODE_SIGN_IDENTITY = "iPhone Developer";
				COPY_PHASE_STRIP = NO;
				DEBUG_INFORMATION_FORMAT = "dwarf-with-dsym";
				ENABLE_NS_ASSERTIONS = NO;
				ENABLE_STRICT_OBJC_MSGSEND = YES;
				GCC_C_LANGUAGE_STANDARD = gnu11;
				GCC_NO_COMMON_BLOCKS = YES;
				GCC_WARN_64_TO_32_BIT_CONVERSION = YES;
				GCC_WARN_ABOUT_RETURN_TYPE = YES_ERROR;
				GCC_WARN_UNDECLARED_SELECTOR = YES;
				GCC_WARN_UNINITIALIZED_AUTOS = YES_AGGRESSIVE;
				GCC_WARN_UNUSED_FUNCTION = YES;
				GCC_WARN_UNUSED_VARIABLE = YES;
				IPHONEOS_DEPLOYMENT_TARGET = 12.2;
				MTL_ENABLE_DEBUG_INFO = NO;
				MTL_FAST_MATH = YES;
				SDKROOT = iphoneos;
				SWIFT_COMPILATION_MODE = wholemodule;
				SWIFT_OPTIMIZATION_LEVEL = "-O";
				VALIDATE_PRODUCT = YES;
			};
			name = Release;
		};
		EC0DE5B6226129E100B21210 /* Debug */ = {
			isa = XCBuildConfiguration;
			baseConfigurationReference = 0F3CBD6E13D733D4E6CE0491 /* Pods-HelloSpace.debug.xcconfig */;
			buildSettings = {
				ASSETCATALOG_COMPILER_APPICON_NAME = AppIcon;
				CODE_SIGN_STYLE = Automatic;
				DEVELOPMENT_TEAM = 566S998XU2;
				INFOPLIST_FILE = HelloSpace/Info.plist;
				IPHONEOS_DEPLOYMENT_TARGET = 10.0;
				LD_RUNPATH_SEARCH_PATHS = (
					"$(inherited)",
					"@executable_path/Frameworks",
				);
				PRODUCT_BUNDLE_IDENTIFIER = com.somewearlabs.HelloSpace;
				PRODUCT_NAME = "$(TARGET_NAME)";
				SWIFT_VERSION = 5.0;
				TARGETED_DEVICE_FAMILY = "1,2";
			};
			name = Debug;
		};
		EC0DE5B7226129E100B21210 /* Release */ = {
			isa = XCBuildConfiguration;
			baseConfigurationReference = 58C4BACB7931459C76DFBB21 /* Pods-HelloSpace.release.xcconfig */;
			buildSettings = {
				ASSETCATALOG_COMPILER_APPICON_NAME = AppIcon;
				CODE_SIGN_STYLE = Automatic;
				DEVELOPMENT_TEAM = 566S998XU2;
				INFOPLIST_FILE = HelloSpace/Info.plist;
				IPHONEOS_DEPLOYMENT_TARGET = 10.0;
				LD_RUNPATH_SEARCH_PATHS = (
					"$(inherited)",
					"@executable_path/Frameworks",
				);
				PRODUCT_BUNDLE_IDENTIFIER = com.somewearlabs.HelloSpace;
				PRODUCT_NAME = "$(TARGET_NAME)";
				SWIFT_VERSION = 5.0;
				TARGETED_DEVICE_FAMILY = "1,2";
			};
			name = Release;
		};
/* End XCBuildConfiguration section */

/* Begin XCConfigurationList section */
		EC0DE59E226129DF00B21210 /* Build configuration list for PBXProject "HelloSpace" */ = {
			isa = XCConfigurationList;
			buildConfigurations = (
				EC0DE5B3226129E100B21210 /* Debug */,
				EC0DE5B4226129E100B21210 /* Release */,
			);
			defaultConfigurationIsVisible = 0;
			defaultConfigurationName = Release;
		};
		EC0DE5B5226129E100B21210 /* Build configuration list for PBXNativeTarget "HelloSpace" */ = {
			isa = XCConfigurationList;
			buildConfigurations = (
				EC0DE5B6226129E100B21210 /* Debug */,
				EC0DE5B7226129E100B21210 /* Release */,
			);
			defaultConfigurationIsVisible = 0;
			defaultConfigurationName = Release;
		};
/* End XCConfigurationList section */
	};
	rootObject = EC0DE59B226129DF00B21210 /* Project object */;
}
